
Microsoft Visual Studio Solution File, Format Version 12.00
# Visual Studio 15
VisualStudioVersion = 15.0.27703.2026
MinimumVisualStudioVersion = 10.0.40219.1
Project("{FAE04EC0-301F-11D3-BF4B-00C04F79EFBC}") = "ECS.Legacy", "ECS.Legacy\ECS.Legacy.csproj", "{7BBA6D8F-4649-4ADB-B90E-94F0FB6554AC}"
EndProject
Project("{2150E333-8FDC-42A3-9474-1A3956D46DE8}") = "Solution Items", "Solution Items", "{B5CABD59-540F-4FA8-B8A3-17B419172AE8}"
EndProject
Project("{FAE04EC0-301F-11D3-BF4B-00C04F79EFBC}") = "ECSLegacyEdited", "ECSLegacyEdited\ECSLegacyEdited.csproj", "{F97DA92B-930B-48B9-9FAA-327F6D92D4D5}"
EndProject
Project("{FAE04EC0-301F-11D3-BF4B-00C04F79EFBC}") = "ECSLegacyEdited.Unit.Test", "ECSLegacyEdited.Unit.Test\ECSLegacyEdited.Unit.Test.csproj", "{45FC07F1-3974-4D0C-AE1F-3E27CE386CA3}"
EndProject
Global
	GlobalSection(SolutionConfigurationPlatforms) = preSolution
		Debug|Any CPU = Debug|Any CPU
		Release|Any CPU = Release|Any CPU
	EndGlobalSection
	GlobalSection(ProjectConfigurationPlatforms) = postSolution
		{7BBA6D8F-4649-4ADB-B90E-94F0FB6554AC}.Debug|Any CPU.ActiveCfg = Debug|Any CPU
		{7BBA6D8F-4649-4ADB-B90E-94F0FB6554AC}.Debug|Any CPU.Build.0 = Debug|Any CPU
		{7BBA6D8F-4649-4ADB-B90E-94F0FB6554AC}.Release|Any CPU.ActiveCfg = Release|Any CPU
		{7BBA6D8F-4649-4ADB-B90E-94F0FB6554AC}.Release|Any CPU.Build.0 = Release|Any CPU
		{F97DA92B-930B-48B9-9FAA-327F6D92D4D5}.Debug|Any CPU.ActiveCfg = Debug|Any CPU
		{F97DA92B-930B-48B9-9FAA-327F6D92D4D5}.Debug|Any CPU.Build.0 = Debug|Any CPU
		{F97DA92B-930B-48B9-9FAA-327F6D92D4D5}.Release|Any CPU.ActiveCfg = Release|Any CPU
		{F97DA92B-930B-48B9-9FAA-327F6D92D4D5}.Release|Any CPU.Build.0 = Release|Any CPU
		{45FC07F1-3974-4D0C-AE1F-3E27CE386CA3}.Debug|Any CPU.ActiveCfg = Debug|Any CPU
		{45FC07F1-3974-4D0C-AE1F-3E27CE386CA3}.Debug|Any CPU.Build.0 = Debug|Any CPU
		{45FC07F1-3974-4D0C-AE1F-3E27CE386CA3}.Release|Any CPU.ActiveCfg = Release|Any CPU
		{45FC07F1-3974-4D0C-AE1F-3E27CE386CA3}.Release|Any CPU.Build.0 = Release|Any CPU
	EndGlobalSection
	GlobalSection(SolutionProperties) = preSolution
		HideSolutionNode = FALSE
	EndGlobalSection
	GlobalSection(ExtensibilityGlobals) = postSolution
		SolutionGuid = {919983D7-501D-4FAA-A5FD-B8FC95DE9467}
	EndGlobalSection
EndGlobal
